
Microsoft Visual Studio Solution File, Format Version 12.00
# Visual Studio Version 17
VisualStudioVersion = 17.9.34616.47
MinimumVisualStudioVersion = 10.0.40219.1
Project("{FAE04EC0-301F-11D3-BF4B-00C04F79EFBC}") = "PROG-POE-Version-2", "PROG-POE-Version-2\PROG-POE-Version-2.csproj", "{565DE187-31B9-45F0-A378-CAECFEF9431B}"
EndProject
Global
	GlobalSection(SolutionConfigurationPlatforms) = preSolution
		Debug|Any CPU = Debug|Any CPU
		Release|Any CPU = Release|Any CPU
	EndGlobalSection
	GlobalSection(ProjectConfigurationPlatforms) = postSolution
		{565DE187-31B9-45F0-A378-CAECFEF9431B}.Debug|Any CPU.ActiveCfg = Debug|Any CPU
		{565DE187-31B9-45F0-A378-CAECFEF9431B}.Debug|Any CPU.Build.0 = Debug|Any CPU
		{565DE187-31B9-45F0-A378-CAECFEF9431B}.Release|Any CPU.ActiveCfg = Release|Any CPU
		{565DE187-31B9-45F0-A378-CAECFEF9431B}.Release|Any CPU.Build.0 = Release|Any CPU
	EndGlobalSection
	GlobalSection(SolutionProperties) = preSolution
		HideSolutionNode = FALSE
	EndGlobalSection
	GlobalSection(ExtensibilityGlobals) = postSolution
		SolutionGuid = {53195C41-CC65-4485-A71C-C970BC8DAC8B}
	EndGlobalSection
EndGlobal
